// !$*UTF8*$!
{
	archiveVersion = 1;
	classes = {
	};
	objectVersion = 50;
	objects = {

/* Begin PBXBuildFile section */
		1592D55925FDC0AB009B814F /* AppDelegate.swift in Sources */ = {isa = PBXBuildFile; fileRef = 1592D55825FDC0AB009B814F /* AppDelegate.swift */; };
		1592D55B25FDC0AB009B814F /* SceneDelegate.swift in Sources */ = {isa = PBXBuildFile; fileRef = 1592D55A25FDC0AB009B814F /* SceneDelegate.swift */; };
		1592D55D25FDC0AB009B814F /* ViewController.swift in Sources */ = {isa = PBXBuildFile; fileRef = 1592D55C25FDC0AB009B814F /* ViewController.swift */; };
		1592D56025FDC0AB009B814F /* Main.storyboard in Resources */ = {isa = PBXBuildFile; fileRef = 1592D55E25FDC0AB009B814F /* Main.storyboard */; };
		1592D56225FDC0AD009B814F /* Assets.xcassets in Resources */ = {isa = PBXBuildFile; fileRef = 1592D56125FDC0AD009B814F /* Assets.xcassets */; };
		1592D56525FDC0AD009B814F /* LaunchScreen.storyboard in Resources */ = {isa = PBXBuildFile; fileRef = 1592D56325FDC0AD009B814F /* LaunchScreen.storyboard */; };
		1592D57025FDC0AD009B814F /* GHFollowersTests.swift in Sources */ = {isa = PBXBuildFile; fileRef = 1592D56F25FDC0AD009B814F /* GHFollowersTests.swift */; };
		1592D57B25FDC0AD009B814F /* GHFollowersUITests.swift in Sources */ = {isa = PBXBuildFile; fileRef = 1592D57A25FDC0AD009B814F /* GHFollowersUITests.swift */; };
/* End PBXBuildFile section */

/* Begin PBXContainerItemProxy section */
		1592D56C25FDC0AD009B814F /* PBXContainerItemProxy */ = {
			isa = PBXContainerItemProxy;
			containerPortal = 1592D54D25FDC0AB009B814F /* Project object */;
			proxyType = 1;
			remoteGlobalIDString = 1592D55425FDC0AB009B814F;
			remoteInfo = GHFollowers;
		};
		1592D57725FDC0AD009B814F /* PBXContainerItemProxy */ = {
			isa = PBXContainerItemProxy;
			containerPortal = 1592D54D25FDC0AB009B814F /* Project object */;
			proxyType = 1;
			remoteGlobalIDString = 1592D55425FDC0AB009B814F;
			remoteInfo = GHFollowers;
		};
/* End PBXContainerItemProxy section */

/* Begin PBXFileReference section */
		1592D55525FDC0AB009B814F /* GHFollowers.app */ = {isa = PBXFileReference; explicitFileType = wrapper.application; includeInIndex = 0; path = GHFollowers.app; sourceTree = BUILT_PRODUCTS_DIR; };
		1592D55825FDC0AB009B814F /* AppDelegate.swift */ = {isa = PBXFileReference; lastKnownFileType = sourcecode.swift; path = AppDelegate.swift; sourceTree = "<group>"; };
		1592D55A25FDC0AB009B814F /* SceneDelegate.swift */ = {isa = PBXFileReference; lastKnownFileType = sourcecode.swift; path = SceneDelegate.swift; sourceTree = "<group>"; };
		1592D55C25FDC0AB009B814F /* ViewController.swift */ = {isa = PBXFileReference; lastKnownFileType = sourcecode.swift; path = ViewController.swift; sourceTree = "<group>"; };
		1592D55F25FDC0AB009B814F /* Base */ = {isa = PBXFileReference; lastKnownFileType = file.storyboard; name = Base; path = Base.lproj/Main.storyboard; sourceTree = "<group>"; };
		1592D56125FDC0AD009B814F /* Assets.xcassets */ = {isa = PBXFileReference; lastKnownFileType = folder.assetcatalog; path = Assets.xcassets; sourceTree = "<group>"; };
		1592D56425FDC0AD009B814F /* Base */ = {isa = PBXFileReference; lastKnownFileType = file.storyboard; name = Base; path = Base.lproj/LaunchScreen.storyboard; sourceTree = "<group>"; };
		1592D56625FDC0AD009B814F /* Info.plist */ = {isa = PBXFileReference; lastKnownFileType = text.plist.xml; path = Info.plist; sourceTree = "<group>"; };
		1592D56B25FDC0AD009B814F /* GHFollowersTests.xctest */ = {isa = PBXFileReference; explicitFileType = wrapper.cfbundle; includeInIndex = 0; path = GHFollowersTests.xctest; sourceTree = BUILT_PRODUCTS_DIR; };
		1592D56F25FDC0AD009B814F /* GHFollowersTests.swift */ = {isa = PBXFileReference; lastKnownFileType = sourcecode.swift; path = GHFollowersTests.swift; sourceTree = "<group>"; };
		1592D57125FDC0AD009B814F /* Info.plist */ = {isa = PBXFileReference; lastKnownFileType = text.plist.xml; path = Info.plist; sourceTree = "<group>"; };
		1592D57625FDC0AD009B814F /* GHFollowersUITests.xctest */ = {isa = PBXFileReference; explicitFileType = wrapper.cfbundle; includeInIndex = 0; path = GHFollowersUITests.xctest; sourceTree = BUILT_PRODUCTS_DIR; };
		1592D57A25FDC0AD009B814F /* GHFollowersUITests.swift */ = {isa = PBXFileReference; lastKnownFileType = sourcecode.swift; path = GHFollowersUITests.swift; sourceTree = "<group>"; };
		1592D57C25FDC0AD009B814F /* Info.plist */ = {isa = PBXFileReference; lastKnownFileType = text.plist.xml; path = Info.plist; sourceTree = "<group>"; };
/* End PBXFileReference section */

/* Begin PBXFrameworksBuildPhase section */
		1592D55225FDC0AB009B814F /* Frameworks */ = {
			isa = PBXFrameworksBuildPhase;
			buildActionMask = 2147483647;
			files = (
			);
			runOnlyForDeploymentPostprocessing = 0;
		};
		1592D56825FDC0AD009B814F /* Frameworks */ = {
			isa = PBXFrameworksBuildPhase;
			buildActionMask = 2147483647;
			files = (
			);
			runOnlyForDeploymentPostprocessing = 0;
		};
		1592D57325FDC0AD009B814F /* Frameworks */ = {
			isa = PBXFrameworksBuildPhase;
			buildActionMask = 2147483647;
			files = (
			);
			runOnlyForDeploymentPostprocessing = 0;
		};
/* End PBXFrameworksBuildPhase section */

/* Begin PBXGroup section */
		1592D54C25FDC0AB009B814F = {
			isa = PBXGroup;
			children = (
				1592D55725FDC0AB009B814F /* GHFollowers */,
				1592D56E25FDC0AD009B814F /* GHFollowersTests */,
				1592D57925FDC0AD009B814F /* GHFollowersUITests */,
				1592D55625FDC0AB009B814F /* Products */,
			);
			sourceTree = "<group>";
		};
		1592D55625FDC0AB009B814F /* Products */ = {
			isa = PBXGroup;
			children = (
				1592D55525FDC0AB009B814F /* GHFollowers.app */,
				1592D56B25FDC0AD009B814F /* GHFollowersTests.xctest */,
				1592D57625FDC0AD009B814F /* GHFollowersUITests.xctest */,
			);
			name = Products;
			sourceTree = "<group>";
		};
		1592D55725FDC0AB009B814F /* GHFollowers */ = {
			isa = PBXGroup;
			children = (
				1592D55825FDC0AB009B814F /* AppDelegate.swift */,
				1592D55A25FDC0AB009B814F /* SceneDelegate.swift */,
				1592D55C25FDC0AB009B814F /* ViewController.swift */,
				1592D55E25FDC0AB009B814F /* Main.storyboard */,
				1592D56125FDC0AD009B814F /* Assets.xcassets */,
				1592D56325FDC0AD009B814F /* LaunchScreen.storyboard */,
				1592D56625FDC0AD009B814F /* Info.plist */,
			);
			path = GHFollowers;
			sourceTree = "<group>";
		};
		1592D56E25FDC0AD009B814F /* GHFollowersTests */ = {
			isa = PBXGroup;
			children = (
				1592D56F25FDC0AD009B814F /* GHFollowersTests.swift */,
				1592D57125FDC0AD009B814F /* Info.plist */,
			);
			path = GHFollowersTests;
			sourceTree = "<group>";
		};
		1592D57925FDC0AD009B814F /* GHFollowersUITests */ = {
			isa = PBXGroup;
			children = (
				1592D57A25FDC0AD009B814F /* GHFollowersUITests.swift */,
				1592D57C25FDC0AD009B814F /* Info.plist */,
			);
			path = GHFollowersUITests;
			sourceTree = "<group>";
		};
/* End PBXGroup section */

/* Begin PBXNativeTarget section */
		1592D55425FDC0AB009B814F /* GHFollowers */ = {
			isa = PBXNativeTarget;
			buildConfigurationList = 1592D57F25FDC0AD009B814F /* Build configuration list for PBXNativeTarget "GHFollowers" */;
			buildPhases = (
				1592D55125FDC0AB009B814F /* Sources */,
				1592D55225FDC0AB009B814F /* Frameworks */,
				1592D55325FDC0AB009B814F /* Resources */,
			);
			buildRules = (
			);
			dependencies = (
			);
			name = GHFollowers;
			productName = GHFollowers;
			productReference = 1592D55525FDC0AB009B814F /* GHFollowers.app */;
			productType = "com.apple.product-type.application";
		};
		1592D56A25FDC0AD009B814F /* GHFollowersTests */ = {
			isa = PBXNativeTarget;
			buildConfigurationList = 1592D58225FDC0AD009B814F /* Build configuration list for PBXNativeTarget "GHFollowersTests" */;
			buildPhases = (
				1592D56725FDC0AD009B814F /* Sources */,
				1592D56825FDC0AD009B814F /* Frameworks */,
				1592D56925FDC0AD009B814F /* Resources */,
			);
			buildRules = (
			);
			dependencies = (
				1592D56D25FDC0AD009B814F /* PBXTargetDependency */,
			);
			name = GHFollowersTests;
			productName = GHFollowersTests;
			productReference = 1592D56B25FDC0AD009B814F /* GHFollowersTests.xctest */;
			productType = "com.apple.product-type.bundle.unit-test";
		};
		1592D57525FDC0AD009B814F /* GHFollowersUITests */ = {
			isa = PBXNativeTarget;
			buildConfigurationList = 1592D58525FDC0AD009B814F /* Build configuration list for PBXNativeTarget "GHFollowersUITests" */;
			buildPhases = (
				1592D57225FDC0AD009B814F /* Sources */,
				1592D57325FDC0AD009B814F /* Frameworks */,
				1592D57425FDC0AD009B814F /* Resources */,
			);
			buildRules = (
			);
			dependencies = (
				1592D57825FDC0AD009B814F /* PBXTargetDependency */,
			);
			name = GHFollowersUITests;
			productName = GHFollowersUITests;
			productReference = 1592D57625FDC0AD009B814F /* GHFollowersUITests.xctest */;
			productType = "com.apple.product-type.bundle.ui-testing";
		};
/* End PBXNativeTarget section */

/* Begin PBXProject section */
		1592D54D25FDC0AB009B814F /* Project object */ = {
			isa = PBXProject;
			attributes = {
				LastSwiftUpdateCheck = 1240;
				LastUpgradeCheck = 1240;
				TargetAttributes = {
					1592D55425FDC0AB009B814F = {
						CreatedOnToolsVersion = 12.4;
					};
					1592D56A25FDC0AD009B814F = {
						CreatedOnToolsVersion = 12.4;
						TestTargetID = 1592D55425FDC0AB009B814F;
					};
					1592D57525FDC0AD009B814F = {
						CreatedOnToolsVersion = 12.4;
						TestTargetID = 1592D55425FDC0AB009B814F;
					};
				};
			};
			buildConfigurationList = 1592D55025FDC0AB009B814F /* Build configuration list for PBXProject "GHFollowers" */;
			compatibilityVersion = "Xcode 9.3";
			developmentRegion = en;
			hasScannedForEncodings = 0;
			knownRegions = (
				en,
				Base,
			);
			mainGroup = 1592D54C25FDC0AB009B814F;
			productRefGroup = 1592D55625FDC0AB009B814F /* Products */;
			projectDirPath = "";
			projectRoot = "";
			targets = (
				1592D55425FDC0AB009B814F /* GHFollowers */,
				1592D56A25FDC0AD009B814F /* GHFollowersTests */,
				1592D57525FDC0AD009B814F /* GHFollowersUITests */,
			);
		};
/* End PBXProject section */

/* Begin PBXResourcesBuildPhase section */
		1592D55325FDC0AB009B814F /* Resources */ = {
			isa = PBXResourcesBuildPhase;
			buildActionMask = 2147483647;
			files = (
				1592D56525FDC0AD009B814F /* LaunchScreen.storyboard in Resources */,
				1592D56225FDC0AD009B814F /* Assets.xcassets in Resources */,
				1592D56025FDC0AB009B814F /* Main.storyboard in Resources */,
			);
			runOnlyForDeploymentPostprocessing = 0;
		};
		1592D56925FDC0AD009B814F /* Resources */ = {
			isa = PBXResourcesBuildPhase;
			buildActionMask = 2147483647;
			files = (
			);
			runOnlyForDeploymentPostprocessing = 0;
		};
		1592D57425FDC0AD009B814F /* Resources */ = {
			isa = PBXResourcesBuildPhase;
			buildActionMask = 2147483647;
			files = (
			);
			runOnlyForDeploymentPostprocessing = 0;
		};
/* End PBXResourcesBuildPhase section */

/* Begin PBXSourcesBuildPhase section */
		1592D55125FDC0AB009B814F /* Sources */ = {
			isa = PBXSourcesBuildPhase;
			buildActionMask = 2147483647;
			files = (
				1592D55D25FDC0AB009B814F /* ViewController.swift in Sources */,
				1592D55925FDC0AB009B814F /* AppDelegate.swift in Sources */,
				1592D55B25FDC0AB009B814F /* SceneDelegate.swift in Sources */,
			);
			runOnlyForDeploymentPostprocessing = 0;
		};
		1592D56725FDC0AD009B814F /* Sources */ = {
			isa = PBXSourcesBuildPhase;
			buildActionMask = 2147483647;
			files = (
				1592D57025FDC0AD009B814F /* GHFollowersTests.swift in Sources */,
			);
			runOnlyForDeploymentPostprocessing = 0;
		};
		1592D57225FDC0AD009B814F /* Sources */ = {
			isa = PBXSourcesBuildPhase;
			buildActionMask = 2147483647;
			files = (
				1592D57B25FDC0AD009B814F /* GHFollowersUITests.swift in Sources */,
			);
			runOnlyForDeploymentPostprocessing = 0;
		};
/* End PBXSourcesBuildPhase section */

/* Begin PBXTargetDependency section */
		1592D56D25FDC0AD009B814F /* PBXTargetDependency */ = {
			isa = PBXTargetDependency;
			target = 1592D55425FDC0AB009B814F /* GHFollowers */;
			targetProxy = 1592D56C25FDC0AD009B814F /* PBXContainerItemProxy */;
		};
		1592D57825FDC0AD009B814F /* PBXTargetDependency */ = {
			isa = PBXTargetDependency;
			target = 1592D55425FDC0AB009B814F /* GHFollowers */;
			targetProxy = 1592D57725FDC0AD009B814F /* PBXContainerItemProxy */;
		};
/* End PBXTargetDependency section */

/* Begin PBXVariantGroup section */
		1592D55E25FDC0AB009B814F /* Main.storyboard */ = {
			isa = PBXVariantGroup;
			children = (
				1592D55F25FDC0AB009B814F /* Base */,
			);
			name = Main.storyboard;
			sourceTree = "<group>";
		};
		1592D56325FDC0AD009B814F /* LaunchScreen.storyboard */ = {
			isa = PBXVariantGroup;
			children = (
				1592D56425FDC0AD009B814F /* Base */,
			);
			name = LaunchScreen.storyboard;
			sourceTree = "<group>";
		};
/* End PBXVariantGroup section */

/* Begin XCBuildConfiguration section */
		1592D57D25FDC0AD009B814F /* Debug */ = {
			isa = XCBuildConfiguration;
			buildSettings = {
				ALWAYS_SEARCH_USER_PATHS = NO;
				CLANG_ANALYZER_NONNULL = YES;
				CLANG_ANALYZER_NUMBER_OBJECT_CONVERSION = YES_AGGRESSIVE;
				CLANG_CXX_LANGUAGE_STANDARD = "gnu++14";
				CLANG_CXX_LIBRARY = "libc++";
				CLANG_ENABLE_MODULES = YES;
				CLANG_ENABLE_OBJC_ARC = YES;
				CLANG_ENABLE_OBJC_WEAK = YES;
				CLANG_WARN_BLOCK_CAPTURE_AUTORELEASING = YES;
				CLANG_WARN_BOOL_CONVERSION = YES;
				CLANG_WARN_COMMA = YES;
				CLANG_WARN_CONSTANT_CONVERSION = YES;
				CLANG_WARN_DEPRECATED_OBJC_IMPLEMENTATIONS = YES;
				CLANG_WARN_DIRECT_OBJC_ISA_USAGE = YES_ERROR;
				CLANG_WARN_DOCUMENTATION_COMMENTS = YES;
				CLANG_WARN_EMPTY_BODY = YES;
				CLANG_WARN_ENUM_CONVERSION = YES;
				CLANG_WARN_INFINITE_RECURSION = YES;
				CLANG_WARN_INT_CONVERSION = YES;
				CLANG_WARN_NON_LITERAL_NULL_CONVERSION = YES;
				CLANG_WARN_OBJC_IMPLICIT_RETAIN_SELF = YES;
				CLANG_WARN_OBJC_LITERAL_CONVERSION = YES;
				CLANG_WARN_OBJC_ROOT_CLASS = YES_ERROR;
				CLANG_WARN_QUOTED_INCLUDE_IN_FRAMEWORK_HEADER = YES;
				CLANG_WARN_RANGE_LOOP_ANALYSIS = YES;
				CLANG_WARN_STRICT_PROTOTYPES = YES;
				CLANG_WARN_SUSPICIOUS_MOVE = YES;
				CLANG_WARN_UNGUARDED_AVAILABILITY = YES_AGGRESSIVE;
				CLANG_WARN_UNREACHABLE_CODE = YES;
				CLANG_WARN__DUPLICATE_METHOD_MATCH = YES;
				COPY_PHASE_STRIP = NO;
				DEBUG_INFORMATION_FORMAT = dwarf;
				ENABLE_STRICT_OBJC_MSGSEND = YES;
				ENABLE_TESTABILITY = YES;
				GCC_C_LANGUAGE_STANDARD = gnu11;
				GCC_DYNAMIC_NO_PIC = NO;
				GCC_NO_COMMON_BLOCKS = YES;
				GCC_OPTIMIZATION_LEVEL = 0;
				GCC_PREPROCESSOR_DEFINITIONS = (
					"DEBUG=1",
					"$(inherited)",
				);
				GCC_WARN_64_TO_32_BIT_CONVERSION = YES;
				GCC_WARN_ABOUT_RETURN_TYPE = YES_ERROR;
				GCC_WARN_UNDECLARED_SELECTOR = YES;
				GCC_WARN_UNINITIALIZED_AUTOS = YES_AGGRESSIVE;
				GCC_WARN_UNUSED_FUNCTION = YES;
				GCC_WARN_UNUSED_VARIABLE = YES;
				IPHONEOS_DEPLOYMENT_TARGET = 14.4;
				MTL_ENABLE_DEBUG_INFO = INCLUDE_SOURCE;
				MTL_FAST_MATH = YES;
				ONLY_ACTIVE_ARCH = YES;
				SDKROOT = iphoneos;
				SWIFT_ACTIVE_COMPILATION_CONDITIONS = DEBUG;
				SWIFT_OPTIMIZATION_LEVEL = "-Onone";
			};
			name = Debug;
		};
		1592D57E25FDC0AD009B814F /* Release */ = {
			isa = XCBuildConfiguration;
			buildSettings = {
				ALWAYS_SEARCH_USER_PATHS = NO;
				CLANG_ANALYZER_NONNULL = YES;
				CLANG_ANALYZER_NUMBER_OBJECT_CONVERSION = YES_AGGRESSIVE;
				CLANG_CXX_LANGUAGE_STANDARD = "gnu++14";
				CLANG_CXX_LIBRARY = "libc++";
				CLANG_ENABLE_MODULES = YES;
				CLANG_ENABLE_OBJC_ARC = YES;
				CLANG_ENABLE_OBJC_WEAK = YES;
				CLANG_WARN_BLOCK_CAPTURE_AUTORELEASING = YES;
				CLANG_WARN_BOOL_CONVERSION = YES;
				CLANG_WARN_COMMA = YES;
				CLANG_WARN_CONSTANT_CONVERSION = YES;
				CLANG_WARN_DEPRECATED_OBJC_IMPLEMENTATIONS = YES;
				CLANG_WARN_DIRECT_OBJC_ISA_USAGE = YES_ERROR;
				CLANG_WARN_DOCUMENTATION_COMMENTS = YES;
				CLANG_WARN_EMPTY_BODY = YES;
				CLANG_WARN_ENUM_CONVERSION = YES;
				CLANG_WARN_INFINITE_RECURSION = YES;
				CLANG_WARN_INT_CONVERSION = YES;
				CLANG_WARN_NON_LITERAL_NULL_CONVERSION = YES;
				CLANG_WARN_OBJC_IMPLICIT_RETAIN_SELF = YES;
				CLANG_WARN_OBJC_LITERAL_CONVERSION = YES;
				CLANG_WARN_OBJC_ROOT_CLASS = YES_ERROR;
				CLANG_WARN_QUOTED_INCLUDE_IN_FRAMEWORK_HEADER = YES;
				CLANG_WARN_RANGE_LOOP_ANALYSIS = YES;
				CLANG_WARN_STRICT_PROTOTYPES = YES;
				CLANG_WARN_SUSPICIOUS_MOVE = YES;
				CLANG_WARN_UNGUARDED_AVAILABILITY = YES_AGGRESSIVE;
				CLANG_WARN_UNREACHABLE_CODE = YES;
				CLANG_WARN__DUPLICATE_METHOD_MATCH = YES;
				COPY_PHASE_STRIP = NO;
				DEBUG_INFORMATION_FORMAT = "dwarf-with-dsym";
				ENABLE_NS_ASSERTIONS = NO;
				ENABLE_STRICT_OBJC_MSGSEND = YES;
				GCC_C_LANGUAGE_STANDARD = gnu11;
				GCC_NO_COMMON_BLOCKS = YES;
				GCC_WARN_64_TO_32_BIT_CONVERSION = YES;
				GCC_WARN_ABOUT_RETURN_TYPE = YES_ERROR;
				GCC_WARN_UNDECLARED_SELECTOR = YES;
				GCC_WARN_UNINITIALIZED_AUTOS = YES_AGGRESSIVE;
				GCC_WARN_UNUSED_FUNCTION = YES;
				GCC_WARN_UNUSED_VARIABLE = YES;
				IPHONEOS_DEPLOYMENT_TARGET = 14.4;
				MTL_ENABLE_DEBUG_INFO = NO;
				MTL_FAST_MATH = YES;
				SDKROOT = iphoneos;
				SWIFT_COMPILATION_MODE = wholemodule;
				SWIFT_OPTIMIZATION_LEVEL = "-O";
				VALIDATE_PRODUCT = YES;
			};
			name = Release;
		};
		1592D58025FDC0AD009B814F /* Debug */ = {
			isa = XCBuildConfiguration;
			buildSettings = {
				ASSETCATALOG_COMPILER_APPICON_NAME = AppIcon;
				ASSETCATALOG_COMPILER_GLOBAL_ACCENT_COLOR_NAME = AccentColor;
				CODE_SIGN_STYLE = Automatic;
				INFOPLIST_FILE = GHFollowers/Info.plist;
				LD_RUNPATH_SEARCH_PATHS = (
					"$(inherited)",
					"@executable_path/Frameworks",
				);
				PRODUCT_BUNDLE_IDENTIFIER = com.platoalpha.GHFollowers;
				PRODUCT_NAME = "$(TARGET_NAME)";
				SWIFT_VERSION = 5.0;
				TARGETED_DEVICE_FAMILY = "1,2";
			};
			name = Debug;
		};
		1592D58125FDC0AD009B814F /* Release */ = {
			isa = XCBuildConfiguration;
			buildSettings = {
				ASSETCATALOG_COMPILER_APPICON_NAME = AppIcon;
				ASSETCATALOG_COMPILER_GLOBAL_ACCENT_COLOR_NAME = AccentColor;
				CODE_SIGN_STYLE = Automatic;
				INFOPLIST_FILE = GHFollowers/Info.plist;
				LD_RUNPATH_SEARCH_PATHS = (
					"$(inherited)",
					"@executable_path/Frameworks",
				);
				PRODUCT_BUNDLE_IDENTIFIER = com.platoalpha.GHFollowers;
				PRODUCT_NAME = "$(TARGET_NAME)";
				SWIFT_VERSION = 5.0;
				TARGETED_DEVICE_FAMILY = "1,2";
			};
			name = Release;
		};
		1592D58325FDC0AD009B814F /* Debug */ = {
			isa = XCBuildConfiguration;
			buildSettings = {
				ALWAYS_EMBED_SWIFT_STANDARD_LIBRARIES = YES;
				BUNDLE_LOADER = "$(TEST_HOST)";
				CODE_SIGN_STYLE = Automatic;
				INFOPLIST_FILE = GHFollowersTests/Info.plist;
				IPHONEOS_DEPLOYMENT_TARGET = 14.4;
				LD_RUNPATH_SEARCH_PATHS = (
					"$(inherited)",
					"@executable_path/Frameworks",
					"@loader_path/Frameworks",
				);
				PRODUCT_BUNDLE_IDENTIFIER = com.platoalpha.GHFollowersTests;
				PRODUCT_NAME = "$(TARGET_NAME)";
				SWIFT_VERSION = 5.0;
				TARGETED_DEVICE_FAMILY = "1,2";
				TEST_HOST = "$(BUILT_PRODUCTS_DIR)/GHFollowers.app/GHFollowers";
			};
			name = Debug;
		};
		1592D58425FDC0AD009B814F /* Release */ = {
			isa = XCBuildConfiguration;
			buildSettings = {
				ALWAYS_EMBED_SWIFT_STANDARD_LIBRARIES = YES;
				BUNDLE_LOADER = "$(TEST_HOST)";
				CODE_SIGN_STYLE = Automatic;
				INFOPLIST_FILE = GHFollowersTests/Info.plist;
				IPHONEOS_DEPLOYMENT_TARGET = 14.4;
				LD_RUNPATH_SEARCH_PATHS = (
					"$(inherited)",
					"@executable_path/Frameworks",
					"@loader_path/Frameworks",
				);
				PRODUCT_BUNDLE_IDENTIFIER = com.platoalpha.GHFollowersTests;
				PRODUCT_NAME = "$(TARGET_NAME)";
				SWIFT_VERSION = 5.0;
				TARGETED_DEVICE_FAMILY = "1,2";
				TEST_HOST = "$(BUILT_PRODUCTS_DIR)/GHFollowers.app/GHFollowers";
			};
			name = Release;
		};
		1592D58625FDC0AD009B814F /* Debug */ = {
			isa = XCBuildConfiguration;
			buildSettings = {
				ALWAYS_EMBED_SWIFT_STANDARD_LIBRARIES = YES;
				CODE_SIGN_STYLE = Automatic;
				INFOPLIST_FILE = GHFollowersUITests/Info.plist;
				LD_RUNPATH_SEARCH_PATHS = (
					"$(inherited)",
					"@executable_path/Frameworks",
					"@loader_path/Frameworks",
				);
				PRODUCT_BUNDLE_IDENTIFIER = com.platoalpha.GHFollowersUITests;
				PRODUCT_NAME = "$(TARGET_NAME)";
				SWIFT_VERSION = 5.0;
				TARGETED_DEVICE_FAMILY = "1,2";
				TEST_TARGET_NAME = GHFollowers;
			};
			name = Debug;
		};
		1592D58725FDC0AD009B814F /* Release */ = {
			isa = XCBuildConfiguration;
			buildSettings = {
				ALWAYS_EMBED_SWIFT_STANDARD_LIBRARIES = YES;
				CODE_SIGN_STYLE = Automatic;
				INFOPLIST_FILE = GHFollowersUITests/Info.plist;
				LD_RUNPATH_SEARCH_PATHS = (
					"$(inherited)",
					"@executable_path/Frameworks",
					"@loader_path/Frameworks",
				);
				PRODUCT_BUNDLE_IDENTIFIER = com.platoalpha.GHFollowersUITests;
				PRODUCT_NAME = "$(TARGET_NAME)";
				SWIFT_VERSION = 5.0;
				TARGETED_DEVICE_FAMILY = "1,2";
				TEST_TARGET_NAME = GHFollowers;
			};
			name = Release;
		};
/* End XCBuildConfiguration section */

/* Begin XCConfigurationList section */
		1592D55025FDC0AB009B814F /* Build configuration list for PBXProject "GHFollowers" */ = {
			isa = XCConfigurationList;
			buildConfigurations = (
				1592D57D25FDC0AD009B814F /* Debug */,
				1592D57E25FDC0AD009B814F /* Release */,
			);
			defaultConfigurationIsVisible = 0;
			defaultConfigurationName = Release;
		};
		1592D57F25FDC0AD009B814F /* Build configuration list for PBXNativeTarget "GHFollowers" */ = {
			isa = XCConfigurationList;
			buildConfigurations = (
				1592D58025FDC0AD009B814F /* Debug */,
				1592D58125FDC0AD009B814F /* Release */,
			);
			defaultConfigurationIsVisible = 0;
			defaultConfigurationName = Release;
		};
		1592D58225FDC0AD009B814F /* Build configuration list for PBXNativeTarget "GHFollowersTests" */ = {
			isa = XCConfigurationList;
			buildConfigurations = (
				1592D58325FDC0AD009B814F /* Debug */,
				1592D58425FDC0AD009B814F /* Release */,
			);
			defaultConfigurationIsVisible = 0;
			defaultConfigurationName = Release;
		};
		1592D58525FDC0AD009B814F /* Build configuration list for PBXNativeTarget "GHFollowersUITests" */ = {
			isa = XCConfigurationList;
			buildConfigurations = (
				1592D58625FDC0AD009B814F /* Debug */,
				1592D58725FDC0AD009B814F /* Release */,
			);
			defaultConfigurationIsVisible = 0;
			defaultConfigurationName = Release;
		};
/* End XCConfigurationList section */
	};
	rootObject = 1592D54D25FDC0AB009B814F /* Project object */;
}
